
Microsoft Visual Studio Solution File, Format Version 12.00
# Visual Studio 2013
VisualStudioVersion = 12.0.21005.1
MinimumVisualStudioVersion = 10.0.40219.1
Project("{8BC9CEB8-8B4A-11D0-8D11-00A0C91BC942}") = "BasicTasks", "BasicTasks\BasicTasks.vcxproj", "{C5F80730-F44F-4478-BDAE-6634EFC2CA88}"
EndProject
Project("{8BC9CEB8-8B4A-11D0-8D11-00A0C91BC942}") = "FadeLEDTask", "FadeLEDTask\FadeLEDTask.vcxproj", "{F534A423-612A-4278-9B89-ADED6B21096A}"
EndProject
Project("{8BC9CEB8-8B4A-11D0-8D11-00A0C91BC942}") = "TaskPirorities", "TaskPirorities\TaskPirorities.vcxproj", "{945BFCC6-6E13-4F7A-A8B2-437341372242}"
EndProject
Project("{8BC9CEB8-8B4A-11D0-8D11-00A0C91BC942}") = "QueueTask", "QueueTask\QueueTask.vcxproj", "{E536B33D-B7DC-4BF7-B51A-4CC37A6253B5}"
EndProject
Project("{8BC9CEB8-8B4A-11D0-8D11-00A0C91BC942}") = "MailBox", "MailBox\MailBox.vcxproj", "{407B8902-0BCD-4B44-841C-B337567F5217}"
EndProject
Project("{8BC9CEB8-8B4A-11D0-8D11-00A0C91BC942}") = "BinarySemaphore", "BinarySemaphore\BinarySemaphore.vcxproj", "{3C88623A-608B-449C-908E-56A305035BB7}"
EndProject
Project("{8BC9CEB8-8B4A-11D0-8D11-00A0C91BC942}") = "Semaphore", "Semaphore\Semaphore.vcxproj", "{B639B396-1939-4907-A41F-C1B9535D1D93}"
EndProject
Project("{8BC9CEB8-8B4A-11D0-8D11-00A0C91BC942}") = "QueueSet", "QueueSet\QueueSet.vcxproj", "{5CEE0AEF-8F48-4B2B-A3A2-800FFF512893}"
EndProject
Project("{8BC9CEB8-8B4A-11D0-8D11-00A0C91BC942}") = "EventGroup", "EventGroup\EventGroup.vcxproj", "{5C0E5EFE-F7A7-4619-97A0-D3F922D9C184}"
EndProject
Project("{8BC9CEB8-8B4A-11D0-8D11-00A0C91BC942}") = "TaskCommunicaiton", "TaskCommunicaiton\TaskCommunicaiton.vcxproj", "{F43FCBD3-C259-499A-B18F-2015F68A6C59}"
EndProject
Project("{8BC9CEB8-8B4A-11D0-8D11-00A0C91BC942}") = "Mutex", "Mutex\Mutex.vcxproj", "{E7568D66-AAFA-44D2-94AE-61B360907A80}"
EndProject
Project("{8BC9CEB8-8B4A-11D0-8D11-00A0C91BC942}") = "CriticalSection", "CriticalSection\CriticalSection.vcxproj", "{F08DF9BB-8C16-4138-BCE8-2D921A649F40}"
EndProject
Project("{8BC9CEB8-8B4A-11D0-8D11-00A0C91BC942}") = "SoftwareTimer", "SoftwareTimer\SoftwareTimer.vcxproj", "{9C63C785-7D2A-4FA8-8AD2-B367CE3FEBAA}"
EndProject
Project("{8BC9CEB8-8B4A-11D0-8D11-00A0C91BC942}") = "SoftwareInterrupts", "SoftwareInterrupts\SoftwareInterrupts.vcxproj", "{3F7196A5-10BE-40E3-B78F-DBAB6C43EAB5}"
EndProject
Project("{8BC9CEB8-8B4A-11D0-8D11-00A0C91BC942}") = "LibraryClassTest", "LibraryClassTest\LibraryClassTest.vcxproj", "{137C62E2-7F1D-4FBC-B31B-483392DD1B0B}"
EndProject
Global
	GlobalSection(SolutionConfigurationPlatforms) = preSolution
		Debug|Win32 = Debug|Win32
		Release|Win32 = Release|Win32
	EndGlobalSection
	GlobalSection(ProjectConfigurationPlatforms) = postSolution
		{C5F80730-F44F-4478-BDAE-6634EFC2CA88}.Debug|Win32.ActiveCfg = Debug|Win32
		{C5F80730-F44F-4478-BDAE-6634EFC2CA88}.Debug|Win32.Build.0 = Debug|Win32
		{C5F80730-F44F-4478-BDAE-6634EFC2CA88}.Release|Win32.ActiveCfg = Release|Win32
		{C5F80730-F44F-4478-BDAE-6634EFC2CA88}.Release|Win32.Build.0 = Release|Win32
		{F534A423-612A-4278-9B89-ADED6B21096A}.Debug|Win32.ActiveCfg = Debug|Win32
		{F534A423-612A-4278-9B89-ADED6B21096A}.Debug|Win32.Build.0 = Debug|Win32
		{F534A423-612A-4278-9B89-ADED6B21096A}.Release|Win32.ActiveCfg = Release|Win32
		{F534A423-612A-4278-9B89-ADED6B21096A}.Release|Win32.Build.0 = Release|Win32
		{945BFCC6-6E13-4F7A-A8B2-437341372242}.Debug|Win32.ActiveCfg = Debug|Win32
		{945BFCC6-6E13-4F7A-A8B2-437341372242}.Debug|Win32.Build.0 = Debug|Win32
		{945BFCC6-6E13-4F7A-A8B2-437341372242}.Release|Win32.ActiveCfg = Release|Win32
		{945BFCC6-6E13-4F7A-A8B2-437341372242}.Release|Win32.Build.0 = Release|Win32
		{E536B33D-B7DC-4BF7-B51A-4CC37A6253B5}.Debug|Win32.ActiveCfg = Debug|Win32
		{E536B33D-B7DC-4BF7-B51A-4CC37A6253B5}.Debug|Win32.Build.0 = Debug|Win32
		{E536B33D-B7DC-4BF7-B51A-4CC37A6253B5}.Release|Win32.ActiveCfg = Release|Win32
		{E536B33D-B7DC-4BF7-B51A-4CC37A6253B5}.Release|Win32.Build.0 = Release|Win32
		{407B8902-0BCD-4B44-841C-B337567F5217}.Debug|Win32.ActiveCfg = Debug|Win32
		{407B8902-0BCD-4B44-841C-B337567F5217}.Debug|Win32.Build.0 = Debug|Win32
		{407B8902-0BCD-4B44-841C-B337567F5217}.Release|Win32.ActiveCfg = Release|Win32
		{407B8902-0BCD-4B44-841C-B337567F5217}.Release|Win32.Build.0 = Release|Win32
		{3C88623A-608B-449C-908E-56A305035BB7}.Debug|Win32.ActiveCfg = Debug|Win32
		{3C88623A-608B-449C-908E-56A305035BB7}.Debug|Win32.Build.0 = Debug|Win32
		{3C88623A-608B-449C-908E-56A305035BB7}.Release|Win32.ActiveCfg = Release|Win32
		{3C88623A-608B-449C-908E-56A305035BB7}.Release|Win32.Build.0 = Release|Win32
		{B639B396-1939-4907-A41F-C1B9535D1D93}.Debug|Win32.ActiveCfg = Debug|Win32
		{B639B396-1939-4907-A41F-C1B9535D1D93}.Debug|Win32.Build.0 = Debug|Win32
		{B639B396-1939-4907-A41F-C1B9535D1D93}.Release|Win32.ActiveCfg = Release|Win32
		{B639B396-1939-4907-A41F-C1B9535D1D93}.Release|Win32.Build.0 = Release|Win32
		{5CEE0AEF-8F48-4B2B-A3A2-800FFF512893}.Debug|Win32.ActiveCfg = Debug|Win32
		{5CEE0AEF-8F48-4B2B-A3A2-800FFF512893}.Debug|Win32.Build.0 = Debug|Win32
		{5CEE0AEF-8F48-4B2B-A3A2-800FFF512893}.Release|Win32.ActiveCfg = Release|Win32
		{5CEE0AEF-8F48-4B2B-A3A2-800FFF512893}.Release|Win32.Build.0 = Release|Win32
		{5C0E5EFE-F7A7-4619-97A0-D3F922D9C184}.Debug|Win32.ActiveCfg = Debug|Win32
		{5C0E5EFE-F7A7-4619-97A0-D3F922D9C184}.Debug|Win32.Build.0 = Debug|Win32
		{5C0E5EFE-F7A7-4619-97A0-D3F922D9C184}.Release|Win32.ActiveCfg = Release|Win32
		{5C0E5EFE-F7A7-4619-97A0-D3F922D9C184}.Release|Win32.Build.0 = Release|Win32
		{F43FCBD3-C259-499A-B18F-2015F68A6C59}.Debug|Win32.ActiveCfg = Debug|Win32
		{F43FCBD3-C259-499A-B18F-2015F68A6C59}.Debug|Win32.Build.0 = Debug|Win32
		{F43FCBD3-C259-499A-B18F-2015F68A6C59}.Release|Win32.ActiveCfg = Release|Win32
		{F43FCBD3-C259-499A-B18F-2015F68A6C59}.Release|Win32.Build.0 = Release|Win32
		{E7568D66-AAFA-44D2-94AE-61B360907A80}.Debug|Win32.ActiveCfg = Debug|Win32
		{E7568D66-AAFA-44D2-94AE-61B360907A80}.Debug|Win32.Build.0 = Debug|Win32
		{E7568D66-AAFA-44D2-94AE-61B360907A80}.Release|Win32.ActiveCfg = Release|Win32
		{E7568D66-AAFA-44D2-94AE-61B360907A80}.Release|Win32.Build.0 = Release|Win32
		{F08DF9BB-8C16-4138-BCE8-2D921A649F40}.Debug|Win32.ActiveCfg = Debug|Win32
		{F08DF9BB-8C16-4138-BCE8-2D921A649F40}.Debug|Win32.Build.0 = Debug|Win32
		{F08DF9BB-8C16-4138-BCE8-2D921A649F40}.Release|Win32.ActiveCfg = Release|Win32
		{F08DF9BB-8C16-4138-BCE8-2D921A649F40}.Release|Win32.Build.0 = Release|Win32
		{9C63C785-7D2A-4FA8-8AD2-B367CE3FEBAA}.Debug|Win32.ActiveCfg = Debug|Win32
		{9C63C785-7D2A-4FA8-8AD2-B367CE3FEBAA}.Debug|Win32.Build.0 = Debug|Win32
		{9C63C785-7D2A-4FA8-8AD2-B367CE3FEBAA}.Release|Win32.ActiveCfg = Release|Win32
		{9C63C785-7D2A-4FA8-8AD2-B367CE3FEBAA}.Release|Win32.Build.0 = Release|Win32
		{3F7196A5-10BE-40E3-B78F-DBAB6C43EAB5}.Debug|Win32.ActiveCfg = Debug|Win32
		{3F7196A5-10BE-40E3-B78F-DBAB6C43EAB5}.Debug|Win32.Build.0 = Debug|Win32
		{3F7196A5-10BE-40E3-B78F-DBAB6C43EAB5}.Release|Win32.ActiveCfg = Release|Win32
		{3F7196A5-10BE-40E3-B78F-DBAB6C43EAB5}.Release|Win32.Build.0 = Release|Win32
		{137C62E2-7F1D-4FBC-B31B-483392DD1B0B}.Debug|Win32.ActiveCfg = Debug|Win32
		{137C62E2-7F1D-4FBC-B31B-483392DD1B0B}.Debug|Win32.Build.0 = Debug|Win32
		{137C62E2-7F1D-4FBC-B31B-483392DD1B0B}.Release|Win32.ActiveCfg = Release|Win32
		{137C62E2-7F1D-4FBC-B31B-483392DD1B0B}.Release|Win32.Build.0 = Release|Win32
	EndGlobalSection
	GlobalSection(SolutionProperties) = preSolution
		HideSolutionNode = FALSE
	EndGlobalSection
EndGlobal
