
Microsoft Visual Studio Solution File, Format Version 12.00
# Visual Studio 2013
VisualStudioVersion = 12.0.21005.1
MinimumVisualStudioVersion = 10.0.40219.1
Project("{8BC9CEB8-8B4A-11D0-8D11-00A0C91BC942}") = "BasicTasks", "BasicTasks\BasicTasks.vcxproj", "{C5F80730-F44F-4478-BDAE-6634EFC2CA88}"
EndProject
Project("{8BC9CEB8-8B4A-11D0-8D11-00A0C91BC942}") = "FadeLEDTask", "FadeLEDTask\FadeLEDTask.vcxproj", "{F534A423-612A-4278-9B89-ADED6B21096A}"
EndProject
Project("{8BC9CEB8-8B4A-11D0-8D11-00A0C91BC942}") = "TaskPirorities", "TaskPirorities\TaskPirorities.vcxproj", "{945BFCC6-6E13-4F7A-A8B2-437341372242}"
EndProject
Project("{8BC9CEB8-8B4A-11D0-8D11-00A0C91BC942}") = "QueueTask", "QueueTask\QueueTask.vcxproj", "{E536B33D-B7DC-4BF7-B51A-4CC37A6253B5}"
EndProject
Global
	GlobalSection(SolutionConfigurationPlatforms) = preSolution
		Debug|Win32 = Debug|Win32
		Release|Win32 = Release|Win32
	EndGlobalSection
	GlobalSection(ProjectConfigurationPlatforms) = postSolution
		{C5F80730-F44F-4478-BDAE-6634EFC2CA88}.Debug|Win32.ActiveCfg = Debug|Win32
		{C5F80730-F44F-4478-BDAE-6634EFC2CA88}.Debug|Win32.Build.0 = Debug|Win32
		{C5F80730-F44F-4478-BDAE-6634EFC2CA88}.Release|Win32.ActiveCfg = Release|Win32
		{C5F80730-F44F-4478-BDAE-6634EFC2CA88}.Release|Win32.Build.0 = Release|Win32
		{F534A423-612A-4278-9B89-ADED6B21096A}.Debug|Win32.ActiveCfg = Debug|Win32
		{F534A423-612A-4278-9B89-ADED6B21096A}.Debug|Win32.Build.0 = Debug|Win32
		{F534A423-612A-4278-9B89-ADED6B21096A}.Release|Win32.ActiveCfg = Release|Win32
		{F534A423-612A-4278-9B89-ADED6B21096A}.Release|Win32.Build.0 = Release|Win32
		{945BFCC6-6E13-4F7A-A8B2-437341372242}.Debug|Win32.ActiveCfg = Debug|Win32
		{945BFCC6-6E13-4F7A-A8B2-437341372242}.Debug|Win32.Build.0 = Debug|Win32
		{945BFCC6-6E13-4F7A-A8B2-437341372242}.Release|Win32.ActiveCfg = Release|Win32
		{945BFCC6-6E13-4F7A-A8B2-437341372242}.Release|Win32.Build.0 = Release|Win32
		{E536B33D-B7DC-4BF7-B51A-4CC37A6253B5}.Debug|Win32.ActiveCfg = Debug|Win32
		{E536B33D-B7DC-4BF7-B51A-4CC37A6253B5}.Debug|Win32.Build.0 = Debug|Win32
		{E536B33D-B7DC-4BF7-B51A-4CC37A6253B5}.Release|Win32.ActiveCfg = Release|Win32
		{E536B33D-B7DC-4BF7-B51A-4CC37A6253B5}.Release|Win32.Build.0 = Release|Win32
	EndGlobalSection
	GlobalSection(SolutionProperties) = preSolution
		HideSolutionNode = FALSE
	EndGlobalSection
EndGlobal
