
Microsoft Visual Studio Solution File, Format Version 12.00
# Visual Studio 15
VisualStudioVersion = 15.0.27130.2010
MinimumVisualStudioVersion = 10.0.40219.1
Project("{FAE04EC0-301F-11D3-BF4B-00C04F79EFBC}") = "Serial Oscilloscope", "Serial Oscilloscope\Serial Oscilloscope.csproj", "{37F93890-5296-4350-8F67-28BCC26CD6F2}"
EndProject
Project("{FAE04EC0-301F-11D3-BF4B-00C04F79EFBC}") = "BluetoothTerminal", "BluetoothTerminal\BluetoothTerminal.csproj", "{AC4D74E2-8083-45BC-B505-D4B8A1B869B0}"
EndProject
Global
	GlobalSection(SolutionConfigurationPlatforms) = preSolution
		Debug|Any CPU = Debug|Any CPU
		Debug|x86 = Debug|x86
		Release|Any CPU = Release|Any CPU
		Release|x86 = Release|x86
	EndGlobalSection
	GlobalSection(ProjectConfigurationPlatforms) = postSolution
		{37F93890-5296-4350-8F67-28BCC26CD6F2}.Debug|Any CPU.ActiveCfg = Debug|x86
		{37F93890-5296-4350-8F67-28BCC26CD6F2}.Debug|x86.ActiveCfg = Debug|x86
		{37F93890-5296-4350-8F67-28BCC26CD6F2}.Debug|x86.Build.0 = Debug|x86
		{37F93890-5296-4350-8F67-28BCC26CD6F2}.Release|Any CPU.ActiveCfg = Release|x86
		{37F93890-5296-4350-8F67-28BCC26CD6F2}.Release|x86.ActiveCfg = Release|x86
		{37F93890-5296-4350-8F67-28BCC26CD6F2}.Release|x86.Build.0 = Release|x86
		{AC4D74E2-8083-45BC-B505-D4B8A1B869B0}.Debug|Any CPU.ActiveCfg = Debug|Any CPU
		{AC4D74E2-8083-45BC-B505-D4B8A1B869B0}.Debug|Any CPU.Build.0 = Debug|Any CPU
		{AC4D74E2-8083-45BC-B505-D4B8A1B869B0}.Debug|x86.ActiveCfg = Debug|Any CPU
		{AC4D74E2-8083-45BC-B505-D4B8A1B869B0}.Debug|x86.Build.0 = Debug|Any CPU
		{AC4D74E2-8083-45BC-B505-D4B8A1B869B0}.Release|Any CPU.ActiveCfg = Release|Any CPU
		{AC4D74E2-8083-45BC-B505-D4B8A1B869B0}.Release|Any CPU.Build.0 = Release|Any CPU
		{AC4D74E2-8083-45BC-B505-D4B8A1B869B0}.Release|x86.ActiveCfg = Release|Any CPU
		{AC4D74E2-8083-45BC-B505-D4B8A1B869B0}.Release|x86.Build.0 = Release|Any CPU
	EndGlobalSection
	GlobalSection(SolutionProperties) = preSolution
		HideSolutionNode = FALSE
	EndGlobalSection
	GlobalSection(ExtensibilityGlobals) = postSolution
		SolutionGuid = {D3543B7C-E33E-408B-85D8-6151CD307758}
	EndGlobalSection
EndGlobal
