
Microsoft Visual Studio Solution File, Format Version 12.00
# Visual Studio 15
VisualStudioVersion = 15.0.27130.2010
MinimumVisualStudioVersion = 10.0.40219.1
Project("{8BC9CEB8-8B4A-11D0-8D11-00A0C91BC942}") = "TXNode", "TXNode\TXNode.vcxproj", "{C5F80730-F44F-4478-BDAE-6634EFC2CA88}"
EndProject
Project("{8BC9CEB8-8B4A-11D0-8D11-00A0C91BC942}") = "RXNode", "RXNode\RXNode.vcxproj", "{19A0732A-ABE6-432E-B76C-FC5F76416326}"
EndProject
Project("{8BC9CEB8-8B4A-11D0-8D11-00A0C91BC942}") = "RF24MeshNode0", "RF24MeshNode0\RF24MeshNode0.vcxproj", "{B7AE2FB2-3AF0-4776-88F8-B1EA1B4CD494}"
EndProject
Project("{8BC9CEB8-8B4A-11D0-8D11-00A0C91BC942}") = "RF24MeshNode1", "RF24MeshNode1\RF24MeshNode1.vcxproj", "{ED430DE7-830F-4DDF-8864-702AD45D2AB1}"
EndProject
Project("{8BC9CEB8-8B4A-11D0-8D11-00A0C91BC942}") = "RF24Mesh BasicNode", "RF24Mesh BasicNode\RF24Mesh BasicNode.vcxproj", "{4A833A20-C36C-40E7-A13A-EF87A42F0601}"
EndProject
Project("{8BC9CEB8-8B4A-11D0-8D11-00A0C91BC942}") = "RF24Mesh BasicGatewayNode", "RF24Mesh BasicGatewayNode\RF24Mesh BasicGatewayNode.vcxproj", "{882C880A-3D84-43F9-96D7-D688CCC4BC45}"
EndProject
Project("{8BC9CEB8-8B4A-11D0-8D11-00A0C91BC942}") = "Handheld Terminal", "Handheld Terminal\Code\Handheld Terminal\Handheld Terminal.vcxproj", "{CB4854B3-494B-40EC-BF80-EC3A278C5D94}"
EndProject
Project("{8BC9CEB8-8B4A-11D0-8D11-00A0C91BC942}") = "LCD Menu Test", "LCD Menu Test\LCD Menu Test.vcxproj", "{F6B981A5-9772-4E8C-9B4D-A92D010303AC}"
EndProject
Global
	GlobalSection(SolutionConfigurationPlatforms) = preSolution
		Debug|x64 = Debug|x64
		Debug|x86 = Debug|x86
		Release|x64 = Release|x64
		Release|x86 = Release|x86
	EndGlobalSection
	GlobalSection(ProjectConfigurationPlatforms) = postSolution
		{C5F80730-F44F-4478-BDAE-6634EFC2CA88}.Debug|x64.ActiveCfg = Debug|x64
		{C5F80730-F44F-4478-BDAE-6634EFC2CA88}.Debug|x64.Build.0 = Debug|x64
		{C5F80730-F44F-4478-BDAE-6634EFC2CA88}.Debug|x86.ActiveCfg = Debug|Win32
		{C5F80730-F44F-4478-BDAE-6634EFC2CA88}.Debug|x86.Build.0 = Debug|Win32
		{C5F80730-F44F-4478-BDAE-6634EFC2CA88}.Release|x64.ActiveCfg = Release|x64
		{C5F80730-F44F-4478-BDAE-6634EFC2CA88}.Release|x64.Build.0 = Release|x64
		{C5F80730-F44F-4478-BDAE-6634EFC2CA88}.Release|x86.ActiveCfg = Release|Win32
		{C5F80730-F44F-4478-BDAE-6634EFC2CA88}.Release|x86.Build.0 = Release|Win32
		{19A0732A-ABE6-432E-B76C-FC5F76416326}.Debug|x64.ActiveCfg = Debug|x64
		{19A0732A-ABE6-432E-B76C-FC5F76416326}.Debug|x64.Build.0 = Debug|x64
		{19A0732A-ABE6-432E-B76C-FC5F76416326}.Debug|x86.ActiveCfg = Debug|Win32
		{19A0732A-ABE6-432E-B76C-FC5F76416326}.Debug|x86.Build.0 = Debug|Win32
		{19A0732A-ABE6-432E-B76C-FC5F76416326}.Release|x64.ActiveCfg = Release|x64
		{19A0732A-ABE6-432E-B76C-FC5F76416326}.Release|x64.Build.0 = Release|x64
		{19A0732A-ABE6-432E-B76C-FC5F76416326}.Release|x86.ActiveCfg = Release|Win32
		{19A0732A-ABE6-432E-B76C-FC5F76416326}.Release|x86.Build.0 = Release|Win32
		{B7AE2FB2-3AF0-4776-88F8-B1EA1B4CD494}.Debug|x64.ActiveCfg = Debug|x64
		{B7AE2FB2-3AF0-4776-88F8-B1EA1B4CD494}.Debug|x64.Build.0 = Debug|x64
		{B7AE2FB2-3AF0-4776-88F8-B1EA1B4CD494}.Debug|x86.ActiveCfg = Debug|Win32
		{B7AE2FB2-3AF0-4776-88F8-B1EA1B4CD494}.Debug|x86.Build.0 = Debug|Win32
		{B7AE2FB2-3AF0-4776-88F8-B1EA1B4CD494}.Release|x64.ActiveCfg = Release|x64
		{B7AE2FB2-3AF0-4776-88F8-B1EA1B4CD494}.Release|x64.Build.0 = Release|x64
		{B7AE2FB2-3AF0-4776-88F8-B1EA1B4CD494}.Release|x86.ActiveCfg = Release|Win32
		{B7AE2FB2-3AF0-4776-88F8-B1EA1B4CD494}.Release|x86.Build.0 = Release|Win32
		{ED430DE7-830F-4DDF-8864-702AD45D2AB1}.Debug|x64.ActiveCfg = Debug|x64
		{ED430DE7-830F-4DDF-8864-702AD45D2AB1}.Debug|x64.Build.0 = Debug|x64
		{ED430DE7-830F-4DDF-8864-702AD45D2AB1}.Debug|x86.ActiveCfg = Debug|Win32
		{ED430DE7-830F-4DDF-8864-702AD45D2AB1}.Debug|x86.Build.0 = Debug|Win32
		{ED430DE7-830F-4DDF-8864-702AD45D2AB1}.Release|x64.ActiveCfg = Release|x64
		{ED430DE7-830F-4DDF-8864-702AD45D2AB1}.Release|x64.Build.0 = Release|x64
		{ED430DE7-830F-4DDF-8864-702AD45D2AB1}.Release|x86.ActiveCfg = Release|Win32
		{ED430DE7-830F-4DDF-8864-702AD45D2AB1}.Release|x86.Build.0 = Release|Win32
		{4A833A20-C36C-40E7-A13A-EF87A42F0601}.Debug|x64.ActiveCfg = Debug|x64
		{4A833A20-C36C-40E7-A13A-EF87A42F0601}.Debug|x64.Build.0 = Debug|x64
		{4A833A20-C36C-40E7-A13A-EF87A42F0601}.Debug|x86.ActiveCfg = Debug|Win32
		{4A833A20-C36C-40E7-A13A-EF87A42F0601}.Debug|x86.Build.0 = Debug|Win32
		{4A833A20-C36C-40E7-A13A-EF87A42F0601}.Release|x64.ActiveCfg = Release|x64
		{4A833A20-C36C-40E7-A13A-EF87A42F0601}.Release|x64.Build.0 = Release|x64
		{4A833A20-C36C-40E7-A13A-EF87A42F0601}.Release|x86.ActiveCfg = Release|Win32
		{4A833A20-C36C-40E7-A13A-EF87A42F0601}.Release|x86.Build.0 = Release|Win32
		{882C880A-3D84-43F9-96D7-D688CCC4BC45}.Debug|x64.ActiveCfg = Debug|x64
		{882C880A-3D84-43F9-96D7-D688CCC4BC45}.Debug|x64.Build.0 = Debug|x64
		{882C880A-3D84-43F9-96D7-D688CCC4BC45}.Debug|x86.ActiveCfg = Debug|Win32
		{882C880A-3D84-43F9-96D7-D688CCC4BC45}.Debug|x86.Build.0 = Debug|Win32
		{882C880A-3D84-43F9-96D7-D688CCC4BC45}.Release|x64.ActiveCfg = Release|x64
		{882C880A-3D84-43F9-96D7-D688CCC4BC45}.Release|x64.Build.0 = Release|x64
		{882C880A-3D84-43F9-96D7-D688CCC4BC45}.Release|x86.ActiveCfg = Release|Win32
		{882C880A-3D84-43F9-96D7-D688CCC4BC45}.Release|x86.Build.0 = Release|Win32
		{CB4854B3-494B-40EC-BF80-EC3A278C5D94}.Debug|x64.ActiveCfg = Debug|Win32
		{CB4854B3-494B-40EC-BF80-EC3A278C5D94}.Debug|x86.ActiveCfg = Debug|Win32
		{CB4854B3-494B-40EC-BF80-EC3A278C5D94}.Debug|x86.Build.0 = Debug|Win32
		{CB4854B3-494B-40EC-BF80-EC3A278C5D94}.Release|x64.ActiveCfg = Release|Win32
		{CB4854B3-494B-40EC-BF80-EC3A278C5D94}.Release|x86.ActiveCfg = Release|Win32
		{CB4854B3-494B-40EC-BF80-EC3A278C5D94}.Release|x86.Build.0 = Release|Win32
		{F6B981A5-9772-4E8C-9B4D-A92D010303AC}.Debug|x64.ActiveCfg = Debug|Win32
		{F6B981A5-9772-4E8C-9B4D-A92D010303AC}.Debug|x86.ActiveCfg = Debug|Win32
		{F6B981A5-9772-4E8C-9B4D-A92D010303AC}.Debug|x86.Build.0 = Debug|Win32
		{F6B981A5-9772-4E8C-9B4D-A92D010303AC}.Release|x64.ActiveCfg = Release|Win32
		{F6B981A5-9772-4E8C-9B4D-A92D010303AC}.Release|x86.ActiveCfg = Release|Win32
		{F6B981A5-9772-4E8C-9B4D-A92D010303AC}.Release|x86.Build.0 = Release|Win32
	EndGlobalSection
	GlobalSection(SolutionProperties) = preSolution
		HideSolutionNode = FALSE
	EndGlobalSection
	GlobalSection(ExtensibilityGlobals) = postSolution
		SolutionGuid = {12DCA8DE-E0B8-424B-886A-B2C6305E37F2}
	EndGlobalSection
EndGlobal
